{
  "version": "3",
  "packages": {
    "specifiers": {
      "jsr:@std/collections@^0.224.0": "jsr:@std/collections@0.224.0",
      "jsr:@std/toml": "jsr:@std/toml@0.224.0"
    },
    "jsr": {
      "@std/collections@0.224.0": {
        "integrity": "d00201d1833c6e05371c7e9f0b178522597b1dda0b0a9ecf0c579414e1dd2770"
      },
      "@std/toml@0.224.0": {
        "integrity": "15a60eb5eac12d8a81a48d99cb1aaed60a21c67dc94c2def696a7c39b815c74f",
        "dependencies": [
          "jsr:@std/collections@^0.224.0"
        ]
      }
    }
  },
  "remote": {}
}
